
Microsoft Visual Studio Solution File, Format Version 12.00
# Visual Studio 15
Project("{FAE04EC0-301F-11D3-BF4B-00C04F79EFBC}") = "Assembly-CSharp", "Assembly-CSharp.csproj", "{AEC7729E-AC8F-97A3-11E1-0D0D30210887}"
EndProject
Project("{FAE04EC0-301F-11D3-BF4B-00C04F79EFBC}") = "Assembly-CSharp-firstpass", "Assembly-CSharp-firstpass.csproj", "{04BDD198-5B57-904B-F262-0235AA0A02EA}"
EndProject
Global
	GlobalSection(SolutionConfigurationPlatforms) = preSolution
		Debug|Any CPU = Debug|Any CPU
		Release|Any CPU = Release|Any CPU
	EndGlobalSection
	GlobalSection(ProjectConfigurationPlatforms) = postSolution
		{AEC7729E-AC8F-97A3-11E1-0D0D30210887}.Debug|Any CPU.ActiveCfg = Debug|Any CPU
		{AEC7729E-AC8F-97A3-11E1-0D0D30210887}.Debug|Any CPU.Build.0 = Debug|Any CPU
		{AEC7729E-AC8F-97A3-11E1-0D0D30210887}.Release|Any CPU.ActiveCfg = Release|Any CPU
		{AEC7729E-AC8F-97A3-11E1-0D0D30210887}.Release|Any CPU.Build.0 = Release|Any CPU
		{04BDD198-5B57-904B-F262-0235AA0A02EA}.Debug|Any CPU.ActiveCfg = Debug|Any CPU
		{04BDD198-5B57-904B-F262-0235AA0A02EA}.Debug|Any CPU.Build.0 = Debug|Any CPU
		{04BDD198-5B57-904B-F262-0235AA0A02EA}.Release|Any CPU.ActiveCfg = Release|Any CPU
		{04BDD198-5B57-904B-F262-0235AA0A02EA}.Release|Any CPU.Build.0 = Release|Any CPU
	EndGlobalSection
	GlobalSection(SolutionProperties) = preSolution
		HideSolutionNode = FALSE
	EndGlobalSection
EndGlobal
